
Microsoft Visual Studio Solution File, Format Version 12.00
Project("{FAE04EC0-301F-11D3-BF4B-00C04F79EFBC}") = "Nasa.MarsMission.Rovers.Core", "Nasa.MarsMission.Rovers.Core\Nasa.MarsMission.Rovers.Core.csproj", "{A92FDC0C-2A09-4258-A509-BD1EE3894F08}"
EndProject
Project("{FAE04EC0-301F-11D3-BF4B-00C04F79EFBC}") = "Nasa.MarsMission.Rovers.Basic", "Nasa.MarsMission.Rovers.Basic\Nasa.MarsMission.Rovers.Basic.csproj", "{C3F7A49F-2E84-439F-A4CD-E9680BA3C2ED}"
EndProject
Project("{FAE04EC0-301F-11D3-BF4B-00C04F79EFBC}") = "Nasa.MarsMission.Rovers.Test", "Nasa.MarsMission.Rovers.Test\Nasa.MarsMission.Rovers.Test.csproj", "{C9F82E95-5BF1-49E2-9B71-0C5E76B0CF01}"
EndProject
Global
	GlobalSection(SolutionConfigurationPlatforms) = preSolution
		Debug|Any CPU = Debug|Any CPU
		Release|Any CPU = Release|Any CPU
	EndGlobalSection
	GlobalSection(ProjectConfigurationPlatforms) = postSolution
		{A92FDC0C-2A09-4258-A509-BD1EE3894F08}.Debug|Any CPU.ActiveCfg = Debug|Any CPU
		{A92FDC0C-2A09-4258-A509-BD1EE3894F08}.Debug|Any CPU.Build.0 = Debug|Any CPU
		{A92FDC0C-2A09-4258-A509-BD1EE3894F08}.Release|Any CPU.ActiveCfg = Release|Any CPU
		{A92FDC0C-2A09-4258-A509-BD1EE3894F08}.Release|Any CPU.Build.0 = Release|Any CPU
		{C3F7A49F-2E84-439F-A4CD-E9680BA3C2ED}.Debug|Any CPU.ActiveCfg = Debug|Any CPU
		{C3F7A49F-2E84-439F-A4CD-E9680BA3C2ED}.Debug|Any CPU.Build.0 = Debug|Any CPU
		{C3F7A49F-2E84-439F-A4CD-E9680BA3C2ED}.Release|Any CPU.ActiveCfg = Release|Any CPU
		{C3F7A49F-2E84-439F-A4CD-E9680BA3C2ED}.Release|Any CPU.Build.0 = Release|Any CPU
		{C9F82E95-5BF1-49E2-9B71-0C5E76B0CF01}.Debug|Any CPU.ActiveCfg = Debug|Any CPU
		{C9F82E95-5BF1-49E2-9B71-0C5E76B0CF01}.Debug|Any CPU.Build.0 = Debug|Any CPU
		{C9F82E95-5BF1-49E2-9B71-0C5E76B0CF01}.Release|Any CPU.ActiveCfg = Release|Any CPU
		{C9F82E95-5BF1-49E2-9B71-0C5E76B0CF01}.Release|Any CPU.Build.0 = Release|Any CPU
	EndGlobalSection
EndGlobal
